<?xml version="1.0" encoding="utf-8"?>
<Project ToolsVersion="4.0" xmlns="http://schemas.microsoft.com/developer/msbuild/2003">
  <ItemGroup>
    <ClInclude Include="stdafx.h" />
    <ClInclude Include="COMLoader.h" />
    <ClInclude Include="WMIRoutine.h">
      <Filter>WMI</Filter>
    </ClInclude>
    <ClInclude Include="WMIObject.h">
      <Filter>WMI</Filter>
    </ClInclude>
    <ClInclude Include="WinsockServer.h">
      <Filter>Winsock</Filter>
    </ClInclude>
    <ClInclude Include="WinsockServer_RemoteClient.h">
      <Filter>Winsock</Filter>
    </ClInclude>
    <ClInclude Include="main.h" />
  </ItemGroup>
  <ItemGroup>
    <ClCompile Include="stdafx.cpp" />
    <ClCompile Include="main.cpp" />
    <ClCompile Include="COMLoader.cpp" />
    <ClCompile Include="WMIRoutine.cpp">
      <Filter>WMI</Filter>
    </ClCompile>
    <ClCompile Include="WMIObject.cpp">
      <Filter>WMI</Filter>
    </ClCompile>
    <ClCompile Include="WinsockServer.cpp">
      <Filter>Winsock</Filter>
    </ClCompile>
    <ClCompile Include="WinsockServer_RemoteClient.cpp">
      <Filter>Winsock</Filter>
    </ClCompile>
  </ItemGroup>
  <ItemGroup>
    <Filter Include="WMI">
      <UniqueIdentifier>{d7619aa5-845c-42dd-afc1-02b5e1486ca0}</UniqueIdentifier>
    </Filter>
    <Filter Include="Winsock">
      <UniqueIdentifier>{bb6b5d18-ab8d-4578-b059-058fe87e0639}</UniqueIdentifier>
    </Filter>
  </ItemGroup>
</Project>